<?xml version="1.0" encoding="UTF-8" standalone="yes" ?>
<CodeBlocks_project_file>
	<FileVersion major="1" minor="6" />
	<Project>
		<Option title="krishi-darshan-console" />
		<Option pch_mode="2" />
		<Option compiler="gcc" />
		<Build>
			<Target title="Debug">
				<Option output="bin/Debug/krishi-darshan-console" prefix_auto="1" extension_auto="1" />
				<Option object_output="obj/Debug/" />
				<Option type="1" />
				<Option compiler="gcc" />
				<Compiler>
					<Add option="-g" />
				</Compiler>
			</Target>
			<Target title="Release">
				<Option output="bin/Release/krishi-darshan-console" prefix_auto="1" extension_auto="1" />
				<Option object_output="obj/Release/" />
				<Option type="1" />
				<Option compiler="gcc" />
				<Compiler>
					<Add option="-O2" />
				</Compiler>
				<Linker>
					<Add option="-s" />
				</Linker>
			</Target>
		</Build>
		<Compiler>
			<Add option="-Wall" />
			<Add directory="/usr/include&#x0A;" />
		</Compiler>
		<Linker>
			<Add library="jansson" />
			<Add library="curl" />
			<Add directory="/usr/lib&#x0A;" />
		</Linker>
		<Unit filename="Admins.txt" />
		<Unit filename="Agents.txt" />
		<Unit filename="Assigned_Parcel.txt" />
		<Unit filename="Context.txt" />
		<Unit filename="Farmers.txt" />
		<Unit filename="Land_Parcel_Report.txt" />
		<Unit filename="LoanApplication.txt" />
		<Unit filename="Parcels.txt" />
		<Unit filename="Schedule.txt" />
		<Unit filename="SubsidyApplication.txt" />
		<Unit filename="Users.txt" />
		<Unit filename="admin.c">
			<Option compilerVar="CC" />
		</Unit>
		<Unit filename="admin.h" />
		<Unit filename="admin_utils.h" />
		<Unit filename="agent_utils.c">
			<Option compilerVar="CC" />
		</Unit>
		<Unit filename="agent_utils.h" />
		<Unit filename="agents.c">
			<Option compilerVar="CC" />
		</Unit>
		<Unit filename="agents.h" />
		<Unit filename="application_schemes.c">
			<Option compilerVar="CC" />
		</Unit>
		<Unit filename="application_schemes.h" />
		<Unit filename="assigned_parcel.h" />
		<Unit filename="farmer.c">
			<Option compilerVar="CC" />
		</Unit>
		<Unit filename="farmer.h" />
		<Unit filename="farmer_utils.c">
			<Option compilerVar="CC" />
		</Unit>
		<Unit filename="farmer_utils.h" />
		<Unit filename="info.c">
			<Option compilerVar="CC" />
		</Unit>
		<Unit filename="info.h" />
		<Unit filename="land_parcel_utils.c">
			<Option compilerVar="CC" />
		</Unit>
		<Unit filename="land_parcel_utils.h" />
		<Unit filename="login.c">
			<Option compilerVar="CC" />
		</Unit>
		<Unit filename="login.h" />
		<Unit filename="main.c">
			<Option compilerVar="CC" />
		</Unit>
		<Unit filename="menus.c">
			<Option compilerVar="CC" />
		</Unit>
		<Unit filename="menus.h" />
		<Unit filename="parcel_report.c">
			<Option compilerVar="CC" />
		</Unit>
		<Unit filename="parcel_report.h" />
		<Unit filename="parcels.c">
			<Option compilerVar="CC" />
		</Unit>
		<Unit filename="parcels.h" />
		<Unit filename="utils.c">
			<Option compilerVar="CC" />
		</Unit>
		<Unit filename="utils.h" />
		<Extensions>
			<lib_finder disable_auto="1" />
		</Extensions>
	</Project>
</CodeBlocks_project_file>
